
Microsoft Visual Studio Solution File, Format Version 12.00
Project("{FAE04EC0-301F-11D3-BF4B-00C04F79EFBC}") = "PickPoint.TestTask.WebApi", "PickPoint.TestTask.WebApi\PickPoint.TestTask.WebApi.csproj", "{0FC28987-FF16-45D7-B2F4-82200469D568}"
EndProject
Project("{FAE04EC0-301F-11D3-BF4B-00C04F79EFBC}") = "PickPoint.TestTask.Storage", "PickPoint.TestTask.Storage\PickPoint.TestTask.Storage.csproj", "{C84F8D82-4D50-4BA3-BD53-74A07AAC28AD}"
EndProject
Project("{FAE04EC0-301F-11D3-BF4B-00C04F79EFBC}") = "PickPoint.TestTask.Storage.Shared", "PickPoint.TestTask.Storage.Shared\PickPoint.TestTask.Storage.Shared.csproj", "{EAAF5CD0-0BD0-47AF-8D80-655908C97CDA}"
EndProject
Project("{2150E333-8FDC-42A3-9474-1A3956D46DE8}") = "Storage", "Storage", "{4E35F323-7414-4D70-B696-8C32FA171F80}"
EndProject
Project("{2150E333-8FDC-42A3-9474-1A3956D46DE8}") = "Api", "Api", "{BB46EAFC-CF42-4A3A-B1A9-C3C2843AB12C}"
EndProject
Project("{FAE04EC0-301F-11D3-BF4B-00C04F79EFBC}") = "PickPoint.TestTask.Storage.Tests", "PickPoint.TestTask.Storage.Tests\PickPoint.TestTask.Storage.Tests.csproj", "{9A70EBEB-9282-47D3-8C35-D05A07D9E144}"
EndProject
Project("{2150E333-8FDC-42A3-9474-1A3956D46DE8}") = "Tests", "Tests", "{D555A20B-6AE4-468D-902B-1D7139786454}"
EndProject
Global
	GlobalSection(SolutionConfigurationPlatforms) = preSolution
		Debug|Any CPU = Debug|Any CPU
		Release|Any CPU = Release|Any CPU
	EndGlobalSection
	GlobalSection(ProjectConfigurationPlatforms) = postSolution
		{0FC28987-FF16-45D7-B2F4-82200469D568}.Debug|Any CPU.ActiveCfg = Debug|Any CPU
		{0FC28987-FF16-45D7-B2F4-82200469D568}.Debug|Any CPU.Build.0 = Debug|Any CPU
		{0FC28987-FF16-45D7-B2F4-82200469D568}.Release|Any CPU.ActiveCfg = Release|Any CPU
		{0FC28987-FF16-45D7-B2F4-82200469D568}.Release|Any CPU.Build.0 = Release|Any CPU
		{C84F8D82-4D50-4BA3-BD53-74A07AAC28AD}.Debug|Any CPU.ActiveCfg = Debug|Any CPU
		{C84F8D82-4D50-4BA3-BD53-74A07AAC28AD}.Debug|Any CPU.Build.0 = Debug|Any CPU
		{C84F8D82-4D50-4BA3-BD53-74A07AAC28AD}.Release|Any CPU.ActiveCfg = Release|Any CPU
		{C84F8D82-4D50-4BA3-BD53-74A07AAC28AD}.Release|Any CPU.Build.0 = Release|Any CPU
		{EAAF5CD0-0BD0-47AF-8D80-655908C97CDA}.Debug|Any CPU.ActiveCfg = Debug|Any CPU
		{EAAF5CD0-0BD0-47AF-8D80-655908C97CDA}.Debug|Any CPU.Build.0 = Debug|Any CPU
		{EAAF5CD0-0BD0-47AF-8D80-655908C97CDA}.Release|Any CPU.ActiveCfg = Release|Any CPU
		{EAAF5CD0-0BD0-47AF-8D80-655908C97CDA}.Release|Any CPU.Build.0 = Release|Any CPU
		{9A70EBEB-9282-47D3-8C35-D05A07D9E144}.Debug|Any CPU.ActiveCfg = Debug|Any CPU
		{9A70EBEB-9282-47D3-8C35-D05A07D9E144}.Debug|Any CPU.Build.0 = Debug|Any CPU
		{9A70EBEB-9282-47D3-8C35-D05A07D9E144}.Release|Any CPU.ActiveCfg = Release|Any CPU
		{9A70EBEB-9282-47D3-8C35-D05A07D9E144}.Release|Any CPU.Build.0 = Release|Any CPU
	EndGlobalSection
	GlobalSection(NestedProjects) = preSolution
		{C84F8D82-4D50-4BA3-BD53-74A07AAC28AD} = {4E35F323-7414-4D70-B696-8C32FA171F80}
		{EAAF5CD0-0BD0-47AF-8D80-655908C97CDA} = {4E35F323-7414-4D70-B696-8C32FA171F80}
		{0FC28987-FF16-45D7-B2F4-82200469D568} = {BB46EAFC-CF42-4A3A-B1A9-C3C2843AB12C}
		{9A70EBEB-9282-47D3-8C35-D05A07D9E144} = {D555A20B-6AE4-468D-902B-1D7139786454}
	EndGlobalSection
EndGlobal
